
Microsoft Visual Studio Solution File, Format Version 12.00
# Visual Studio 15
VisualStudioVersion = 15.0.28010.2048
MinimumVisualStudioVersion = 10.0.40219.1
Project("{8BC9CEB8-8B4A-11D0-8D11-00A0C91BC942}") = "P19", "P19\P19.vcxproj", "{30A80D29-BDED-4AD1-851F-C053B3DC0642}"
EndProject
Global
	GlobalSection(SolutionConfigurationPlatforms) = preSolution
		Debug|x64 = Debug|x64
		Debug|x86 = Debug|x86
		Release|x64 = Release|x64
		Release|x86 = Release|x86
	EndGlobalSection
	GlobalSection(ProjectConfigurationPlatforms) = postSolution
		{30A80D29-BDED-4AD1-851F-C053B3DC0642}.Debug|x64.ActiveCfg = Debug|x64
		{30A80D29-BDED-4AD1-851F-C053B3DC0642}.Debug|x64.Build.0 = Debug|x64
		{30A80D29-BDED-4AD1-851F-C053B3DC0642}.Debug|x86.ActiveCfg = Debug|Win32
		{30A80D29-BDED-4AD1-851F-C053B3DC0642}.Debug|x86.Build.0 = Debug|Win32
		{30A80D29-BDED-4AD1-851F-C053B3DC0642}.Release|x64.ActiveCfg = Release|x64
		{30A80D29-BDED-4AD1-851F-C053B3DC0642}.Release|x64.Build.0 = Release|x64
		{30A80D29-BDED-4AD1-851F-C053B3DC0642}.Release|x86.ActiveCfg = Release|Win32
		{30A80D29-BDED-4AD1-851F-C053B3DC0642}.Release|x86.Build.0 = Release|Win32
	EndGlobalSection
	GlobalSection(SolutionProperties) = preSolution
		HideSolutionNode = FALSE
	EndGlobalSection
	GlobalSection(ExtensibilityGlobals) = postSolution
		SolutionGuid = {E27568B2-4FC0-457A-BAD6-06C5CFC3BF3A}
	EndGlobalSection
EndGlobal
