
Microsoft Visual Studio Solution File, Format Version 12.00
# Visual Studio 15
VisualStudioVersion = 15.0.28010.2048
MinimumVisualStudioVersion = 10.0.40219.1
Project("{8BC9CEB8-8B4A-11D0-8D11-00A0C91BC942}") = "P25", "P25\P25.vcxproj", "{04D2F7AB-32A3-44A1-AE2B-B5C7AC91ECCB}"
EndProject
Global
	GlobalSection(SolutionConfigurationPlatforms) = preSolution
		Debug|x64 = Debug|x64
		Debug|x86 = Debug|x86
		Release|x64 = Release|x64
		Release|x86 = Release|x86
	EndGlobalSection
	GlobalSection(ProjectConfigurationPlatforms) = postSolution
		{04D2F7AB-32A3-44A1-AE2B-B5C7AC91ECCB}.Debug|x64.ActiveCfg = Debug|x64
		{04D2F7AB-32A3-44A1-AE2B-B5C7AC91ECCB}.Debug|x64.Build.0 = Debug|x64
		{04D2F7AB-32A3-44A1-AE2B-B5C7AC91ECCB}.Debug|x86.ActiveCfg = Debug|Win32
		{04D2F7AB-32A3-44A1-AE2B-B5C7AC91ECCB}.Debug|x86.Build.0 = Debug|Win32
		{04D2F7AB-32A3-44A1-AE2B-B5C7AC91ECCB}.Release|x64.ActiveCfg = Release|x64
		{04D2F7AB-32A3-44A1-AE2B-B5C7AC91ECCB}.Release|x64.Build.0 = Release|x64
		{04D2F7AB-32A3-44A1-AE2B-B5C7AC91ECCB}.Release|x86.ActiveCfg = Release|Win32
		{04D2F7AB-32A3-44A1-AE2B-B5C7AC91ECCB}.Release|x86.Build.0 = Release|Win32
	EndGlobalSection
	GlobalSection(SolutionProperties) = preSolution
		HideSolutionNode = FALSE
	EndGlobalSection
	GlobalSection(ExtensibilityGlobals) = postSolution
		SolutionGuid = {737D444C-F8D3-4023-89EE-48B9CAA9A48E}
	EndGlobalSection
EndGlobal
